PODS:
  - Alamofire (5.10.2)
  - AlertToast (1.3.9)

DEPENDENCIES:
  - Alamofire
  - AlertToast

SPEC REPOS:
  trunk:
    - Alamofire
    - AlertToast

SPEC CHECKSUMS:
  Alamofire: 7193b3b92c74a07f85569e1a6c4f4237291e7496
  AlertToast: e8db15da727beff75500bcf33a78cd617f408fa1

PODFILE CHECKSUM: 3594f00e21dfe2b6fe73c5942aaa68d9ee7129be

COCOAPODS: 1.16.2
